// !$*UTF8*$!
{
	archiveVersion = 1;
	classes = {
	};
	objectVersion = 48;
	objects = {

/* Begin PBXBuildFile section */
		63B6712A2001364E00062BCE /* AppDelegate.swift in Sources */ = {isa = PBXBuildFile; fileRef = 63B671292001364E00062BCE /* AppDelegate.swift */; };
		63B6712C2001364E00062BCE /* GoalsVC.swift in Sources */ = {isa = PBXBuildFile; fileRef = 63B6712B2001364E00062BCE /* GoalsVC.swift */; };
		63B6712F2001364E00062BCE /* Main.storyboard in Resources */ = {isa = PBXBuildFile; fileRef = 63B6712D2001364E00062BCE /* Main.storyboard */; };
		63B671322001364E00062BCE /* goalpost_app.xcdatamodeld in Sources */ = {isa = PBXBuildFile; fileRef = 63B671302001364E00062BCE /* goalpost_app.xcdatamodeld */; };
		63B671342001364E00062BCE /* Assets.xcassets in Resources */ = {isa = PBXBuildFile; fileRef = 63B671332001364E00062BCE /* Assets.xcassets */; };
		63B671372001364E00062BCE /* LaunchScreen.storyboard in Resources */ = {isa = PBXBuildFile; fileRef = 63B671352001364E00062BCE /* LaunchScreen.storyboard */; };
		63F80F9B200E88500093BDEA /* GoalCell.swift in Sources */ = {isa = PBXBuildFile; fileRef = 63F80F9A200E88500093BDEA /* GoalCell.swift */; };
		63F80F9D200E8EB20093BDEA /* GoalType.swift in Sources */ = {isa = PBXBuildFile; fileRef = 63F80F9C200E8EB20093BDEA /* GoalType.swift */; };
/* End PBXBuildFile section */

/* Begin PBXFileReference section */
		63B671262001364E00062BCE /* goalpost-app.app */ = {isa = PBXFileReference; explicitFileType = wrapper.application; includeInIndex = 0; path = "goalpost-app.app"; sourceTree = BUILT_PRODUCTS_DIR; };
		63B671292001364E00062BCE /* AppDelegate.swift */ = {isa = PBXFileReference; lastKnownFileType = sourcecode.swift; path = AppDelegate.swift; sourceTree = "<group>"; };
		63B6712B2001364E00062BCE /* GoalsVC.swift */ = {isa = PBXFileReference; lastKnownFileType = sourcecode.swift; path = GoalsVC.swift; sourceTree = "<group>"; };
		63B6712E2001364E00062BCE /* Base */ = {isa = PBXFileReference; lastKnownFileType = file.storyboard; name = Base; path = Base.lproj/Main.storyboard; sourceTree = "<group>"; };
		63B671312001364E00062BCE /* goalpost_app.xcdatamodel */ = {isa = PBXFileReference; lastKnownFileType = wrapper.xcdatamodel; path = goalpost_app.xcdatamodel; sourceTree = "<group>"; };
		63B671332001364E00062BCE /* Assets.xcassets */ = {isa = PBXFileReference; lastKnownFileType = folder.assetcatalog; path = Assets.xcassets; sourceTree = "<group>"; };
		63B671362001364E00062BCE /* Base */ = {isa = PBXFileReference; lastKnownFileType = file.storyboard; name = Base; path = Base.lproj/LaunchScreen.storyboard; sourceTree = "<group>"; };
		63B671382001364E00062BCE /* Info.plist */ = {isa = PBXFileReference; lastKnownFileType = text.plist.xml; path = Info.plist; sourceTree = "<group>"; };
		63F80F9A200E88500093BDEA /* GoalCell.swift */ = {isa = PBXFileReference; lastKnownFileType = sourcecode.swift; path = GoalCell.swift; sourceTree = "<group>"; };
		63F80F9C200E8EB20093BDEA /* GoalType.swift */ = {isa = PBXFileReference; lastKnownFileType = sourcecode.swift; path = GoalType.swift; sourceTree = "<group>"; };
/* End PBXFileReference section */

/* Begin PBXFrameworksBuildPhase section */
		63B671232001364E00062BCE /* Frameworks */ = {
			isa = PBXFrameworksBuildPhase;
			buildActionMask = 2147483647;
			files = (
			);
			runOnlyForDeploymentPostprocessing = 0;
		};
/* End PBXFrameworksBuildPhase section */

/* Begin PBXGroup section */
		63B6711D2001364E00062BCE = {
			isa = PBXGroup;
			children = (
				63B671282001364E00062BCE /* goalpost-app */,
				63B671272001364E00062BCE /* Products */,
			);
			sourceTree = "<group>";
		};
		63B671272001364E00062BCE /* Products */ = {
			isa = PBXGroup;
			children = (
				63B671262001364E00062BCE /* goalpost-app.app */,
			);
			name = Products;
			sourceTree = "<group>";
		};
		63B671282001364E00062BCE /* goalpost-app */ = {
			isa = PBXGroup;
			children = (
				63B67141200136E700062BCE /* Extensions */,
				63B67140200136E100062BCE /* Enums */,
				63B6713F200136D100062BCE /* View */,
				63B6713E200136B500062BCE /* Controller */,
				63B671292001364E00062BCE /* AppDelegate.swift */,
				63B6712D2001364E00062BCE /* Main.storyboard */,
				63B671332001364E00062BCE /* Assets.xcassets */,
				63B671352001364E00062BCE /* LaunchScreen.storyboard */,
				63B671382001364E00062BCE /* Info.plist */,
				63B671302001364E00062BCE /* goalpost_app.xcdatamodeld */,
			);
			path = "goalpost-app";
			sourceTree = "<group>";
		};
		63B6713E200136B500062BCE /* Controller */ = {
			isa = PBXGroup;
			children = (
				63B6712B2001364E00062BCE /* GoalsVC.swift */,
			);
			path = Controller;
			sourceTree = "<group>";
		};
		63B6713F200136D100062BCE /* View */ = {
			isa = PBXGroup;
			children = (
				63F80F9A200E88500093BDEA /* GoalCell.swift */,
			);
			path = View;
			sourceTree = "<group>";
		};
		63B67140200136E100062BCE /* Enums */ = {
			isa = PBXGroup;
			children = (
				63F80F9C200E8EB20093BDEA /* GoalType.swift */,
			);
			path = Enums;
			sourceTree = "<group>";
		};
		63B67141200136E700062BCE /* Extensions */ = {
			isa = PBXGroup;
			children = (
			);
			path = Extensions;
			sourceTree = "<group>";
		};
/* End PBXGroup section */

/* Begin PBXNativeTarget section */
		63B671252001364E00062BCE /* goalpost-app */ = {
			isa = PBXNativeTarget;
			buildConfigurationList = 63B6713B2001364E00062BCE /* Build configuration list for PBXNativeTarget "goalpost-app" */;
			buildPhases = (
				63B671222001364E00062BCE /* Sources */,
				63B671232001364E00062BCE /* Frameworks */,
				63B671242001364E00062BCE /* Resources */,
			);
			buildRules = (
			);
			dependencies = (
			);
			name = "goalpost-app";
			productName = "goalpost-app";
			productReference = 63B671262001364E00062BCE /* goalpost-app.app */;
			productType = "com.apple.product-type.application";
		};
/* End PBXNativeTarget section */

/* Begin PBXProject section */
		63B6711E2001364E00062BCE /* Project object */ = {
			isa = PBXProject;
			attributes = {
				LastSwiftUpdateCheck = 0920;
				LastUpgradeCheck = 0920;
				ORGANIZATIONNAME = "Bliss Hu";
				TargetAttributes = {
					63B671252001364E00062BCE = {
						CreatedOnToolsVersion = 9.2;
						ProvisioningStyle = Automatic;
					};
				};
			};
			buildConfigurationList = 63B671212001364E00062BCE /* Build configuration list for PBXProject "goalpost-app" */;
			compatibilityVersion = "Xcode 8.0";
			developmentRegion = en;
			hasScannedForEncodings = 0;
			knownRegions = (
				en,
				Base,
			);
			mainGroup = 63B6711D2001364E00062BCE;
			productRefGroup = 63B671272001364E00062BCE /* Products */;
			projectDirPath = "";
			projectRoot = "";
			targets = (
				63B671252001364E00062BCE /* goalpost-app */,
			);
		};
/* End PBXProject section */

/* Begin PBXResourcesBuildPhase section */
		63B671242001364E00062BCE /* Resources */ = {
			isa = PBXResourcesBuildPhase;
			buildActionMask = 2147483647;
			files = (
				63B671372001364E00062BCE /* LaunchScreen.storyboard in Resources */,
				63B671342001364E00062BCE /* Assets.xcassets in Resources */,
				63B6712F2001364E00062BCE /* Main.storyboard in Resources */,
			);
			runOnlyForDeploymentPostprocessing = 0;
		};
/* End PBXResourcesBuildPhase section */

/* Begin PBXSourcesBuildPhase section */
		63B671222001364E00062BCE /* Sources */ = {
			isa = PBXSourcesBuildPhase;
			buildActionMask = 2147483647;
			files = (
				63F80F9B200E88500093BDEA /* GoalCell.swift in Sources */,
				63F80F9D200E8EB20093BDEA /* GoalType.swift in Sources */,
				63B6712C2001364E00062BCE /* GoalsVC.swift in Sources */,
				63B6712A2001364E00062BCE /* AppDelegate.swift in Sources */,
				63B671322001364E00062BCE /* goalpost_app.xcdatamodeld in Sources */,
			);
			runOnlyForDeploymentPostprocessing = 0;
		};
/* End PBXSourcesBuildPhase section */

/* Begin PBXVariantGroup section */
		63B6712D2001364E00062BCE /* Main.storyboard */ = {
			isa = PBXVariantGroup;
			children = (
				63B6712E2001364E00062BCE /* Base */,
			);
			name = Main.storyboard;
			sourceTree = "<group>";
		};
		63B671352001364E00062BCE /* LaunchScreen.storyboard */ = {
			isa = PBXVariantGroup;
			children = (
				63B671362001364E00062BCE /* Base */,
			);
			name = LaunchScreen.storyboard;
			sourceTree = "<group>";
		};
/* End PBXVariantGroup section */

/* Begin XCBuildConfiguration section */
		63B671392001364E00062BCE /* Debug */ = {
			isa = XCBuildConfiguration;
			buildSettings = {
				ALWAYS_SEARCH_USER_PATHS = NO;
				CLANG_ANALYZER_NONNULL = YES;
				CLANG_ANALYZER_NUMBER_OBJECT_CONVERSION = YES_AGGRESSIVE;
				CLANG_CXX_LANGUAGE_STANDARD = "gnu++14";
				CLANG_CXX_LIBRARY = "libc++";
				CLANG_ENABLE_MODULES = YES;
				CLANG_ENABLE_OBJC_ARC = YES;
				CLANG_WARN_BLOCK_CAPTURE_AUTORELEASING = YES;
				CLANG_WARN_BOOL_CONVERSION = YES;
				CLANG_WARN_COMMA = YES;
				CLANG_WARN_CONSTANT_CONVERSION = YES;
				CLANG_WARN_DIRECT_OBJC_ISA_USAGE = YES_ERROR;
				CLANG_WARN_DOCUMENTATION_COMMENTS = YES;
				CLANG_WARN_EMPTY_BODY = YES;
				CLANG_WARN_ENUM_CONVERSION = YES;
				CLANG_WARN_INFINITE_RECURSION = YES;
				CLANG_WARN_INT_CONVERSION = YES;
				CLANG_WARN_NON_LITERAL_NULL_CONVERSION = YES;
				CLANG_WARN_OBJC_LITERAL_CONVERSION = YES;
				CLANG_WARN_OBJC_ROOT_CLASS = YES_ERROR;
				CLANG_WARN_RANGE_LOOP_ANALYSIS = YES;
				CLANG_WARN_STRICT_PROTOTYPES = YES;
				CLANG_WARN_SUSPICIOUS_MOVE = YES;
				CLANG_WARN_UNGUARDED_AVAILABILITY = YES_AGGRESSIVE;
				CLANG_WARN_UNREACHABLE_CODE = YES;
				CLANG_WARN__DUPLICATE_METHOD_MATCH = YES;
				CODE_SIGN_IDENTITY = "iPhone Developer";
				COPY_PHASE_STRIP = NO;
				DEBUG_INFORMATION_FORMAT = dwarf;
				ENABLE_STRICT_OBJC_MSGSEND = YES;
				ENABLE_TESTABILITY = YES;
				GCC_C_LANGUAGE_STANDARD = gnu11;
				GCC_DYNAMIC_NO_PIC = NO;
				GCC_NO_COMMON_BLOCKS = YES;
				GCC_OPTIMIZATION_LEVEL = 0;
				GCC_PREPROCESSOR_DEFINITIONS = (
					"DEBUG=1",
					"$(inherited)",
				);
				GCC_WARN_64_TO_32_BIT_CONVERSION = YES;
				GCC_WARN_ABOUT_RETURN_TYPE = YES_ERROR;
				GCC_WARN_UNDECLARED_SELECTOR = YES;
				GCC_WARN_UNINITIALIZED_AUTOS = YES_AGGRESSIVE;
				GCC_WARN_UNUSED_FUNCTION = YES;
				GCC_WARN_UNUSED_VARIABLE = YES;
				IPHONEOS_DEPLOYMENT_TARGET = 11.2;
				MTL_ENABLE_DEBUG_INFO = YES;
				ONLY_ACTIVE_ARCH = YES;
				SDKROOT = iphoneos;
				SWIFT_ACTIVE_COMPILATION_CONDITIONS = DEBUG;
				SWIFT_OPTIMIZATION_LEVEL = "-Onone";
			};
			name = Debug;
		};
		63B6713A2001364E00062BCE /* Release */ = {
			isa = XCBuildConfiguration;
			buildSettings = {
				ALWAYS_SEARCH_USER_PATHS = NO;
				CLANG_ANALYZER_NONNULL = YES;
				CLANG_ANALYZER_NUMBER_OBJECT_CONVERSION = YES_AGGRESSIVE;
				CLANG_CXX_LANGUAGE_STANDARD = "gnu++14";
				CLANG_CXX_LIBRARY = "libc++";
				CLANG_ENABLE_MODULES = YES;
				CLANG_ENABLE_OBJC_ARC = YES;
				CLANG_WARN_BLOCK_CAPTURE_AUTORELEASING = YES;
				CLANG_WARN_BOOL_CONVERSION = YES;
				CLANG_WARN_COMMA = YES;
				CLANG_WARN_CONSTANT_CONVERSION = YES;
				CLANG_WARN_DIRECT_OBJC_ISA_USAGE = YES_ERROR;
				CLANG_WARN_DOCUMENTATION_COMMENTS = YES;
				CLANG_WARN_EMPTY_BODY = YES;
				CLANG_WARN_ENUM_CONVERSION = YES;
				CLANG_WARN_INFINITE_RECURSION = YES;
				CLANG_WARN_INT_CONVERSION = YES;
				CLANG_WARN_NON_LITERAL_NULL_CONVERSION = YES;
				CLANG_WARN_OBJC_LITERAL_CONVERSION = YES;
				CLANG_WARN_OBJC_ROOT_CLASS = YES_ERROR;
				CLANG_WARN_RANGE_LOOP_ANALYSIS = YES;
				CLANG_WARN_STRICT_PROTOTYPES = YES;
				CLANG_WARN_SUSPICIOUS_MOVE = YES;
				CLANG_WARN_UNGUARDED_AVAILABILITY = YES_AGGRESSIVE;
				CLANG_WARN_UNREACHABLE_CODE = YES;
				CLANG_WARN__DUPLICATE_METHOD_MATCH = YES;
				CODE_SIGN_IDENTITY = "iPhone Developer";
				COPY_PHASE_STRIP = NO;
				DEBUG_INFORMATION_FORMAT = "dwarf-with-dsym";
				ENABLE_NS_ASSERTIONS = NO;
				ENABLE_STRICT_OBJC_MSGSEND = YES;
				GCC_C_LANGUAGE_STANDARD = gnu11;
				GCC_NO_COMMON_BLOCKS = YES;
				GCC_WARN_64_TO_32_BIT_CONVERSION = YES;
				GCC_WARN_ABOUT_RETURN_TYPE = YES_ERROR;
				GCC_WARN_UNDECLARED_SELECTOR = YES;
				GCC_WARN_UNINITIALIZED_AUTOS = YES_AGGRESSIVE;
				GCC_WARN_UNUSED_FUNCTION = YES;
				GCC_WARN_UNUSED_VARIABLE = YES;
				IPHONEOS_DEPLOYMENT_TARGET = 11.2;
				MTL_ENABLE_DEBUG_INFO = NO;
				SDKROOT = iphoneos;
				SWIFT_OPTIMIZATION_LEVEL = "-Owholemodule";
				VALIDATE_PRODUCT = YES;
			};
			name = Release;
		};
		63B6713C2001364E00062BCE /* Debug */ = {
			isa = XCBuildConfiguration;
			buildSettings = {
				ASSETCATALOG_COMPILER_APPICON_NAME = AppIcon;
				CODE_SIGN_STYLE = Automatic;
				DEVELOPMENT_TEAM = MXJ57VA79S;
				INFOPLIST_FILE = "goalpost-app/Info.plist";
				LD_RUNPATH_SEARCH_PATHS = "$(inherited) @executable_path/Frameworks";
				PRODUCT_BUNDLE_IDENTIFIER = "com.blisshu.goalpost-app";
				PRODUCT_NAME = "$(TARGET_NAME)";
				SWIFT_VERSION = 4.0;
				TARGETED_DEVICE_FAMILY = "1,2";
			};
			name = Debug;
		};
		63B6713D2001364E00062BCE /* Release */ = {
			isa = XCBuildConfiguration;
			buildSettings = {
				ASSETCATALOG_COMPILER_APPICON_NAME = AppIcon;
				CODE_SIGN_STYLE = Automatic;
				DEVELOPMENT_TEAM = MXJ57VA79S;
				INFOPLIST_FILE = "goalpost-app/Info.plist";
				LD_RUNPATH_SEARCH_PATHS = "$(inherited) @executable_path/Frameworks";
				PRODUCT_BUNDLE_IDENTIFIER = "com.blisshu.goalpost-app";
				PRODUCT_NAME = "$(TARGET_NAME)";
				SWIFT_VERSION = 4.0;
				TARGETED_DEVICE_FAMILY = "1,2";
			};
			name = Release;
		};
/* End XCBuildConfiguration section */

/* Begin XCConfigurationList section */
		63B671212001364E00062BCE /* Build configuration list for PBXProject "goalpost-app" */ = {
			isa = XCConfigurationList;
			buildConfigurations = (
				63B671392001364E00062BCE /* Debug */,
				63B6713A2001364E00062BCE /* Release */,
			);
			defaultConfigurationIsVisible = 0;
			defaultConfigurationName = Release;
		};
		63B6713B2001364E00062BCE /* Build configuration list for PBXNativeTarget "goalpost-app" */ = {
			isa = XCConfigurationList;
			buildConfigurations = (
				63B6713C2001364E00062BCE /* Debug */,
				63B6713D2001364E00062BCE /* Release */,
			);
			defaultConfigurationIsVisible = 0;
			defaultConfigurationName = Release;
		};
/* End XCConfigurationList section */

/* Begin XCVersionGroup section */
		63B671302001364E00062BCE /* goalpost_app.xcdatamodeld */ = {
			isa = XCVersionGroup;
			children = (
				63B671312001364E00062BCE /* goalpost_app.xcdatamodel */,
			);
			currentVersion = 63B671312001364E00062BCE /* goalpost_app.xcdatamodel */;
			path = goalpost_app.xcdatamodeld;
			sourceTree = "<group>";
			versionGroupType = wrapper.xcdatamodel;
		};
/* End XCVersionGroup section */
	};
	rootObject = 63B6711E2001364E00062BCE /* Project object */;
}
